{
    "name": "puerts_uehper",
    "version": "0.1.0",
    "lockfileVersion": 3,
    "requires": true,
    "packages": {
        "": {
            "name": "puerts_uehper",
            "version": "0.1.0",
            "license": "ISC",
            "bin": {
                "puerts_uehper": "uehper.js",
                "puerts-uehper": "uehper.js"
            },
            "engines": {
                "node": ">=18"
            }
        }
    }
}
